<Solution>
  <Folder Name="/src/">
    <Project Path="src/BookACall.Api/BookACall.Api.csproj" />
    <Project Path="src/bookacall.client/bookacall.client.esproj">
      <Build />
      <Deploy />
    </Project>
  </Folder>
  <Folder Name="/tests/">
    <Project Path="tests/BookACall.Api.Tests/BookACall.Api.Tests.csproj" />
    <Project Path="tests/BookACall.E2e.Tests/BookACall.E2e.Tests.csproj" />
  </Folder>
</Solution>
